{
    "_meta": {
        "hash": {
            "sha256": "07be2ca3e69697c6197deda8b95d2aec82ddaf8d7b2d229f1ce8d1d684f83431"
        },
        "pipfile-spec": 6,
        "requires": {
            "python_version": "3.10.6"
        },
        "sources": [
            {
                "name": "pypi",
                "url": "https://pypi.org/simple",
                "verify_ssl": true
            }
        ]
    },
    "default": {},
    "develop": {}
}
